// !$*UTF8*$!
{
	archiveVersion = 1;
	classes = {
	};
	objectVersion = 77;
	objects = {

/* Begin PBXContainerItemProxy section */
		FE389C192DF2CC5C00A376CD /* PBXContainerItemProxy */ = {
			isa = PBXContainerItemProxy;
			containerPortal = FE389BFA2DF2CC5A00A376CD /* Project object */;
			proxyType = 1;
			remoteGlobalIDString = FE389C012DF2CC5A00A376CD;
			remoteInfo = AI_review;
		};
		FE389C232DF2CC5C00A376CD /* PBXContainerItemProxy */ = {
			isa = PBXContainerItemProxy;
			containerPortal = FE389BFA2DF2CC5A00A376CD /* Project object */;
			proxyType = 1;
			remoteGlobalIDString = FE389C012DF2CC5A00A376CD;
			remoteInfo = AI_review;
		};
/* End PBXContainerItemProxy section */

/* Begin PBXFileReference section */
		FE389C022DF2CC5A00A376CD /* AI_review.app */ = {isa = PBXFileReference; explicitFileType = wrapper.application; includeInIndex = 0; path = AI_review.app; sourceTree = BUILT_PRODUCTS_DIR; };
		FE389C182DF2CC5C00A376CD /* AI_reviewTests.xctest */ = {isa = PBXFileReference; explicitFileType = wrapper.cfbundle; includeInIndex = 0; path = AI_reviewTests.xctest; sourceTree = BUILT_PRODUCTS_DIR; };
		FE389C222DF2CC5C00A376CD /* AI_reviewUITests.xctest */ = {isa = PBXFileReference; explicitFileType = wrapper.cfbundle; includeInIndex = 0; path = AI_reviewUITests.xctest; sourceTree = BUILT_PRODUCTS_DIR; };
/* End PBXFileReference section */

/* Begin PBXFileSystemSynchronizedBuildFileExceptionSet section */
		FE389C2A2DF2CC5C00A376CD /* Exceptions for "AI_review" folder in "AI_review" target */ = {
			isa = PBXFileSystemSynchronizedBuildFileExceptionSet;
			membershipExceptions = (
				Info.plist,
			);
			target = FE389C012DF2CC5A00A376CD /* AI_review */;
		};
/* End PBXFileSystemSynchronizedBuildFileExceptionSet section */

/* Begin PBXFileSystemSynchronizedRootGroup section */
		FE389C042DF2CC5A00A376CD /* AI_review */ = {
			isa = PBXFileSystemSynchronizedRootGroup;
			exceptions = (
				FE389C2A2DF2CC5C00A376CD /* Exceptions for "AI_review" folder in "AI_review" target */,
			);
			path = AI_review;
			sourceTree = "<group>";
		};
		FE389C1B2DF2CC5C00A376CD /* AI_reviewTests */ = {
			isa = PBXFileSystemSynchronizedRootGroup;
			path = AI_reviewTests;
			sourceTree = "<group>";
		};
		FE389C252DF2CC5C00A376CD /* AI_reviewUITests */ = {
			isa = PBXFileSystemSynchronizedRootGroup;
			path = AI_reviewUITests;
			sourceTree = "<group>";
		};
/* End PBXFileSystemSynchronizedRootGroup section */

/* Begin PBXFrameworksBuildPhase section */
		FE389BFF2DF2CC5A00A376CD /* Frameworks */ = {
			isa = PBXFrameworksBuildPhase;
			buildActionMask = 2147483647;
			files = (
			);
			runOnlyForDeploymentPostprocessing = 0;
		};
		FE389C152DF2CC5C00A376CD /* Frameworks */ = {
			isa = PBXFrameworksBuildPhase;
			buildActionMask = 2147483647;
			files = (
			);
			runOnlyForDeploymentPostprocessing = 0;
		};
		FE389C1F2DF2CC5C00A376CD /* Frameworks */ = {
			isa = PBXFrameworksBuildPhase;
			buildActionMask = 2147483647;
			files = (
			);
			runOnlyForDeploymentPostprocessing = 0;
		};
/* End PBXFrameworksBuildPhase section */

/* Begin PBXGroup section */
		FE389BF92DF2CC5A00A376CD = {
			isa = PBXGroup;
			children = (
				FE389C042DF2CC5A00A376CD /* AI_review */,
				FE389C1B2DF2CC5C00A376CD /* AI_reviewTests */,
				FE389C252DF2CC5C00A376CD /* AI_reviewUITests */,
				FE389C032DF2CC5A00A376CD /* Products */,
			);
			sourceTree = "<group>";
		};
		FE389C032DF2CC5A00A376CD /* Products */ = {
			isa = PBXGroup;
			children = (
				FE389C022DF2CC5A00A376CD /* AI_review.app */,
				FE389C182DF2CC5C00A376CD /* AI_reviewTests.xctest */,
				FE389C222DF2CC5C00A376CD /* AI_reviewUITests.xctest */,
			);
			name = Products;
			sourceTree = "<group>";
		};
/* End PBXGroup section */

/* Begin PBXNativeTarget section */
		FE389C012DF2CC5A00A376CD /* AI_review */ = {
			isa = PBXNativeTarget;
			buildConfigurationList = FE389C2B2DF2CC5C00A376CD /* Build configuration list for PBXNativeTarget "AI_review" */;
			buildPhases = (
				FE389BFE2DF2CC5A00A376CD /* Sources */,
				FE389BFF2DF2CC5A00A376CD /* Frameworks */,
				FE389C002DF2CC5A00A376CD /* Resources */,
			);
			buildRules = (
			);
			dependencies = (
			);
			fileSystemSynchronizedGroups = (
				FE389C042DF2CC5A00A376CD /* AI_review */,
			);
			name = AI_review;
			packageProductDependencies = (
			);
			productName = AI_review;
			productReference = FE389C022DF2CC5A00A376CD /* AI_review.app */;
			productType = "com.apple.product-type.application";
		};
		FE389C172DF2CC5C00A376CD /* AI_reviewTests */ = {
			isa = PBXNativeTarget;
			buildConfigurationList = FE389C302DF2CC5C00A376CD /* Build configuration list for PBXNativeTarget "AI_reviewTests" */;
			buildPhases = (
				FE389C142DF2CC5C00A376CD /* Sources */,
				FE389C152DF2CC5C00A376CD /* Frameworks */,
				FE389C162DF2CC5C00A376CD /* Resources */,
			);
			buildRules = (
			);
			dependencies = (
				FE389C1A2DF2CC5C00A376CD /* PBXTargetDependency */,
			);
			fileSystemSynchronizedGroups = (
				FE389C1B2DF2CC5C00A376CD /* AI_reviewTests */,
			);
			name = AI_reviewTests;
			packageProductDependencies = (
			);
			productName = AI_reviewTests;
			productReference = FE389C182DF2CC5C00A376CD /* AI_reviewTests.xctest */;
			productType = "com.apple.product-type.bundle.unit-test";
		};
		FE389C212DF2CC5C00A376CD /* AI_reviewUITests */ = {
			isa = PBXNativeTarget;
			buildConfigurationList = FE389C332DF2CC5C00A376CD /* Build configuration list for PBXNativeTarget "AI_reviewUITests" */;
			buildPhases = (
				FE389C1E2DF2CC5C00A376CD /* Sources */,
				FE389C1F2DF2CC5C00A376CD /* Frameworks */,
				FE389C202DF2CC5C00A376CD /* Resources */,
			);
			buildRules = (
			);
			dependencies = (
				FE389C242DF2CC5C00A376CD /* PBXTargetDependency */,
			);
			fileSystemSynchronizedGroups = (
				FE389C252DF2CC5C00A376CD /* AI_reviewUITests */,
			);
			name = AI_reviewUITests;
			packageProductDependencies = (
			);
			productName = AI_reviewUITests;
			productReference = FE389C222DF2CC5C00A376CD /* AI_reviewUITests.xctest */;
			productType = "com.apple.product-type.bundle.ui-testing";
		};
/* End PBXNativeTarget section */

/* Begin PBXProject section */
		FE389BFA2DF2CC5A00A376CD /* Project object */ = {
			isa = PBXProject;
			attributes = {
				BuildIndependentTargetsInParallel = 1;
				LastSwiftUpdateCheck = 1640;
				LastUpgradeCheck = 1640;
				TargetAttributes = {
					FE389C012DF2CC5A00A376CD = {
						CreatedOnToolsVersion = 16.4;
					};
					FE389C172DF2CC5C00A376CD = {
						CreatedOnToolsVersion = 16.4;
						TestTargetID = FE389C012DF2CC5A00A376CD;
					};
					FE389C212DF2CC5C00A376CD = {
						CreatedOnToolsVersion = 16.4;
						TestTargetID = FE389C012DF2CC5A00A376CD;
					};
				};
			};
			buildConfigurationList = FE389BFD2DF2CC5A00A376CD /* Build configuration list for PBXProject "AI_review" */;
			developmentRegion = en;
			hasScannedForEncodings = 0;
			knownRegions = (
				en,
				Base,
			);
			mainGroup = FE389BF92DF2CC5A00A376CD;
			minimizedProjectReferenceProxies = 1;
			preferredProjectObjectVersion = 77;
			productRefGroup = FE389C032DF2CC5A00A376CD /* Products */;
			projectDirPath = "";
			projectRoot = "";
			targets = (
				FE389C012DF2CC5A00A376CD /* AI_review */,
				FE389C172DF2CC5C00A376CD /* AI_reviewTests */,
				FE389C212DF2CC5C00A376CD /* AI_reviewUITests */,
			);
		};
/* End PBXProject section */

/* Begin PBXResourcesBuildPhase section */
		FE389C002DF2CC5A00A376CD /* Resources */ = {
			isa = PBXResourcesBuildPhase;
			buildActionMask = 2147483647;
			files = (
			);
			runOnlyForDeploymentPostprocessing = 0;
		};
		FE389C162DF2CC5C00A376CD /* Resources */ = {
			isa = PBXResourcesBuildPhase;
			buildActionMask = 2147483647;
			files = (
			);
			runOnlyForDeploymentPostprocessing = 0;
		};
		FE389C202DF2CC5C00A376CD /* Resources */ = {
			isa = PBXResourcesBuildPhase;
			buildActionMask = 2147483647;
			files = (
			);
			runOnlyForDeploymentPostprocessing = 0;
		};
/* End PBXResourcesBuildPhase section */

/* Begin PBXSourcesBuildPhase section */
		FE389BFE2DF2CC5A00A376CD /* Sources */ = {
			isa = PBXSourcesBuildPhase;
			buildActionMask = 2147483647;
			files = (
			);
			runOnlyForDeploymentPostprocessing = 0;
		};
		FE389C142DF2CC5C00A376CD /* Sources */ = {
			isa = PBXSourcesBuildPhase;
			buildActionMask = 2147483647;
			files = (
			);
			runOnlyForDeploymentPostprocessing = 0;
		};
		FE389C1E2DF2CC5C00A376CD /* Sources */ = {
			isa = PBXSourcesBuildPhase;
			buildActionMask = 2147483647;
			files = (
			);
			runOnlyForDeploymentPostprocessing = 0;
		};
/* End PBXSourcesBuildPhase section */

/* Begin PBXTargetDependency section */
		FE389C1A2DF2CC5C00A376CD /* PBXTargetDependency */ = {
			isa = PBXTargetDependency;
			target = FE389C012DF2CC5A00A376CD /* AI_review */;
			targetProxy = FE389C192DF2CC5C00A376CD /* PBXContainerItemProxy */;
		};
		FE389C242DF2CC5C00A376CD /* PBXTargetDependency */ = {
			isa = PBXTargetDependency;
			target = FE389C012DF2CC5A00A376CD /* AI_review */;
			targetProxy = FE389C232DF2CC5C00A376CD /* PBXContainerItemProxy */;
		};
/* End PBXTargetDependency section */

/* Begin XCBuildConfiguration section */
		FE389C2C2DF2CC5C00A376CD /* Debug */ = {
			isa = XCBuildConfiguration;
			buildSettings = {
				ASSETCATALOG_COMPILER_APPICON_NAME = AppIcon;
				ASSETCATALOG_COMPILER_GLOBAL_ACCENT_COLOR_NAME = AccentColor;
				CODE_SIGN_STYLE = Automatic;
				CURRENT_PROJECT_VERSION = 1;
				GENERATE_INFOPLIST_FILE = YES;
				INFOPLIST_FILE = AI_review/Info.plist;
				INFOPLIST_KEY_UIApplicationSupportsIndirectInputEvents = YES;
				INFOPLIST_KEY_UILaunchStoryboardName = LaunchScreen;
				INFOPLIST_KEY_UIMainStoryboardFile = Main;
				INFOPLIST_KEY_UISupportedInterfaceOrientations_iPad = "UIInterfaceOrientationPortrait UIInterfaceOrientationPortraitUpsideDown UIInterfaceOrientationLandscapeLeft UIInterfaceOrientationLandscapeRight";
				INFOPLIST_KEY_UISupportedInterfaceOrientations_iPhone = "UIInterfaceOrientationPortrait UIInterfaceOrientationLandscapeLeft UIInterfaceOrientationLandscapeRight";
				LD_RUNPATH_SEARCH_PATHS = (
					"$(inherited)",
					"@executable_path/Frameworks",
				);
				MARKETING_VERSION = 1.0;
				PRODUCT_BUNDLE_IDENTIFIER = "Braly.AI-review";
				PRODUCT_NAME = "$(TARGET_NAME)";
				SWIFT_EMIT_LOC_STRINGS = YES;
				SWIFT_VERSION = 5.0;
				TARGETED_DEVICE_FAMILY = "1,2";
			};
			name = Debug;
		};
		FE389C2D2DF2CC5C00A376CD /* Release */ = {
			isa = XCBuildConfiguration;
			buildSettings = {
				ASSETCATALOG_COMPILER_APPICON_NAME = AppIcon;
				ASSETCATALOG_COMPILER_GLOBAL_ACCENT_COLOR_NAME = AccentColor;
				CODE_SIGN_STYLE = Automatic;
				CURRENT_PROJECT_VERSION = 1;
				GENERATE_INFOPLIST_FILE = YES;
				INFOPLIST_FILE = AI_review/Info.plist;
				INFOPLIST_KEY_UIApplicationSupportsIndirectInputEvents = YES;
				INFOPLIST_KEY_UILaunchStoryboardName = LaunchScreen;
				INFOPLIST_KEY_UIMainStoryboardFile = Main;
				INFOPLIST_KEY_UISupportedInterfaceOrientations_iPad = "UIInterfaceOrientationPortrait UIInterfaceOrientationPortraitUpsideDown UIInterfaceOrientationLandscapeLeft UIInterfaceOrientationLandscapeRight";
				INFOPLIST_KEY_UISupportedInterfaceOrientations_iPhone = "UIInterfaceOrientationPortrait UIInterfaceOrientationLandscapeLeft UIInterfaceOrientationLandscapeRight";
				LD_RUNPATH_SEARCH_PATHS = (
					"$(inherited)",
					"@executable_path/Frameworks",
				);
				MARKETING_VERSION = 1.0;
				PRODUCT_BUNDLE_IDENTIFIER = "Braly.AI-review";
				PRODUCT_NAME = "$(TARGET_NAME)";
				SWIFT_EMIT_LOC_STRINGS = YES;
				SWIFT_VERSION = 5.0;
				TARGETED_DEVICE_FAMILY = "1,2";
			};
			name = Release;
		};
		FE389C2E2DF2CC5C00A376CD /* Debug */ = {
			isa = XCBuildConfiguration;
			buildSettings = {
				ALWAYS_SEARCH_USER_PATHS = NO;
				ASSETCATALOG_COMPILER_GENERATE_SWIFT_ASSET_SYMBOL_EXTENSIONS = YES;
				CLANG_ANALYZER_NONNULL = YES;
				CLANG_ANALYZER_NUMBER_OBJECT_CONVERSION = YES_AGGRESSIVE;
				CLANG_CXX_LANGUAGE_STANDARD = "gnu++20";
				CLANG_ENABLE_MODULES = YES;
				CLANG_ENABLE_OBJC_ARC = YES;
				CLANG_ENABLE_OBJC_WEAK = YES;
				CLANG_WARN_BLOCK_CAPTURE_AUTORELEASING = YES;
				CLANG_WARN_BOOL_CONVERSION = YES;
				CLANG_WARN_COMMA = YES;
				CLANG_WARN_CONSTANT_CONVERSION = YES;
				CLANG_WARN_DEPRECATED_OBJC_IMPLEMENTATIONS = YES;
				CLANG_WARN_DIRECT_OBJC_ISA_USAGE = YES_ERROR;
				CLANG_WARN_DOCUMENTATION_COMMENTS = YES;
				CLANG_WARN_EMPTY_BODY = YES;
				CLANG_WARN_ENUM_CONVERSION = YES;
				CLANG_WARN_INFINITE_RECURSION = YES;
				CLANG_WARN_INT_CONVERSION = YES;
				CLANG_WARN_NON_LITERAL_NULL_CONVERSION = YES;
				CLANG_WARN_OBJC_IMPLICIT_RETAIN_SELF = YES;
				CLANG_WARN_OBJC_LITERAL_CONVERSION = YES;
				CLANG_WARN_OBJC_ROOT_CLASS = YES_ERROR;
				CLANG_WARN_QUOTED_INCLUDE_IN_FRAMEWORK_HEADER = YES;
				CLANG_WARN_RANGE_LOOP_ANALYSIS = YES;
				CLANG_WARN_STRICT_PROTOTYPES = YES;
				CLANG_WARN_SUSPICIOUS_MOVE = YES;
				CLANG_WARN_UNGUARDED_AVAILABILITY = YES_AGGRESSIVE;
				CLANG_WARN_UNREACHABLE_CODE = YES;
				CLANG_WARN__DUPLICATE_METHOD_MATCH = YES;
				COPY_PHASE_STRIP = NO;
				DEBUG_INFORMATION_FORMAT = dwarf;
				ENABLE_STRICT_OBJC_MSGSEND = YES;
				ENABLE_TESTABILITY = YES;
				ENABLE_USER_SCRIPT_SANDBOXING = YES;
				GCC_C_LANGUAGE_STANDARD = gnu17;
				GCC_DYNAMIC_NO_PIC = NO;
				GCC_NO_COMMON_BLOCKS = YES;
				GCC_OPTIMIZATION_LEVEL = 0;
				GCC_PREPROCESSOR_DEFINITIONS = (
					"DEBUG=1",
					"$(inherited)",
				);
				GCC_WARN_64_TO_32_BIT_CONVERSION = YES;
				GCC_WARN_ABOUT_RETURN_TYPE = YES_ERROR;
				GCC_WARN_UNDECLARED_SELECTOR = YES;
				GCC_WARN_UNINITIALIZED_AUTOS = YES_AGGRESSIVE;
				GCC_WARN_UNUSED_FUNCTION = YES;
				GCC_WARN_UNUSED_VARIABLE = YES;
				IPHONEOS_DEPLOYMENT_TARGET = 18.5;
				LOCALIZATION_PREFERS_STRING_CATALOGS = YES;
				MTL_ENABLE_DEBUG_INFO = INCLUDE_SOURCE;
				MTL_FAST_MATH = YES;
				ONLY_ACTIVE_ARCH = YES;
				SDKROOT = iphoneos;
				SWIFT_ACTIVE_COMPILATION_CONDITIONS = "DEBUG $(inherited)";
				SWIFT_OPTIMIZATION_LEVEL = "-Onone";
			};
			name = Debug;
		};
		FE389C2F2DF2CC5C00A376CD /* Release */ = {
			isa = XCBuildConfiguration;
			buildSettings = {
				ALWAYS_SEARCH_USER_PATHS = NO;
				ASSETCATALOG_COMPILER_GENERATE_SWIFT_ASSET_SYMBOL_EXTENSIONS = YES;
				CLANG_ANALYZER_NONNULL = YES;
				CLANG_ANALYZER_NUMBER_OBJECT_CONVERSION = YES_AGGRESSIVE;
				CLANG_CXX_LANGUAGE_STANDARD = "gnu++20";
				CLANG_ENABLE_MODULES = YES;
				CLANG_ENABLE_OBJC_ARC = YES;
				CLANG_ENABLE_OBJC_WEAK = YES;
				CLANG_WARN_BLOCK_CAPTURE_AUTORELEASING = YES;
				CLANG_WARN_BOOL_CONVERSION = YES;
				CLANG_WARN_COMMA = YES;
				CLANG_WARN_CONSTANT_CONVERSION = YES;
				CLANG_WARN_DEPRECATED_OBJC_IMPLEMENTATIONS = YES;
				CLANG_WARN_DIRECT_OBJC_ISA_USAGE = YES_ERROR;
				CLANG_WARN_DOCUMENTATION_COMMENTS = YES;
				CLANG_WARN_EMPTY_BODY = YES;
				CLANG_WARN_ENUM_CONVERSION = YES;
				CLANG_WARN_INFINITE_RECURSION = YES;
				CLANG_WARN_INT_CONVERSION = YES;
				CLANG_WARN_NON_LITERAL_NULL_CONVERSION = YES;
				CLANG_WARN_OBJC_IMPLICIT_RETAIN_SELF = YES;
				CLANG_WARN_OBJC_LITERAL_CONVERSION = YES;
				CLANG_WARN_OBJC_ROOT_CLASS = YES_ERROR;
				CLANG_WARN_QUOTED_INCLUDE_IN_FRAMEWORK_HEADER = YES;
				CLANG_WARN_RANGE_LOOP_ANALYSIS = YES;
				CLANG_WARN_STRICT_PROTOTYPES = YES;
				CLANG_WARN_SUSPICIOUS_MOVE = YES;
				CLANG_WARN_UNGUARDED_AVAILABILITY = YES_AGGRESSIVE;
				CLANG_WARN_UNREACHABLE_CODE = YES;
				CLANG_WARN__DUPLICATE_METHOD_MATCH = YES;
				COPY_PHASE_STRIP = NO;
				DEBUG_INFORMATION_FORMAT = "dwarf-with-dsym";
				ENABLE_NS_ASSERTIONS = NO;
				ENABLE_STRICT_OBJC_MSGSEND = YES;
				ENABLE_USER_SCRIPT_SANDBOXING = YES;
				GCC_C_LANGUAGE_STANDARD = gnu17;
				GCC_NO_COMMON_BLOCKS = YES;
				GCC_WARN_64_TO_32_BIT_CONVERSION = YES;
				GCC_WARN_ABOUT_RETURN_TYPE = YES_ERROR;
				GCC_WARN_UNDECLARED_SELECTOR = YES;
				GCC_WARN_UNINITIALIZED_AUTOS = YES_AGGRESSIVE;
				GCC_WARN_UNUSED_FUNCTION = YES;
				GCC_WARN_UNUSED_VARIABLE = YES;
				IPHONEOS_DEPLOYMENT_TARGET = 18.5;
				LOCALIZATION_PREFERS_STRING_CATALOGS = YES;
				MTL_ENABLE_DEBUG_INFO = NO;
				MTL_FAST_MATH = YES;
				SDKROOT = iphoneos;
				SWIFT_COMPILATION_MODE = wholemodule;
				VALIDATE_PRODUCT = YES;
			};
			name = Release;
		};
		FE389C312DF2CC5C00A376CD /* Debug */ = {
			isa = XCBuildConfiguration;
			buildSettings = {
				BUNDLE_LOADER = "$(TEST_HOST)";
				CODE_SIGN_STYLE = Automatic;
				CURRENT_PROJECT_VERSION = 1;
				GENERATE_INFOPLIST_FILE = YES;
				IPHONEOS_DEPLOYMENT_TARGET = 18.5;
				MARKETING_VERSION = 1.0;
				PRODUCT_BUNDLE_IDENTIFIER = "Braly.AI-reviewTests";
				PRODUCT_NAME = "$(TARGET_NAME)";
				SWIFT_EMIT_LOC_STRINGS = NO;
				SWIFT_VERSION = 5.0;
				TARGETED_DEVICE_FAMILY = "1,2";
				TEST_HOST = "$(BUILT_PRODUCTS_DIR)/AI_review.app/$(BUNDLE_EXECUTABLE_FOLDER_PATH)/AI_review";
			};
			name = Debug;
		};
		FE389C322DF2CC5C00A376CD /* Release */ = {
			isa = XCBuildConfiguration;
			buildSettings = {
				BUNDLE_LOADER = "$(TEST_HOST)";
				CODE_SIGN_STYLE = Automatic;
				CURRENT_PROJECT_VERSION = 1;
				GENERATE_INFOPLIST_FILE = YES;
				IPHONEOS_DEPLOYMENT_TARGET = 18.5;
				MARKETING_VERSION = 1.0;
				PRODUCT_BUNDLE_IDENTIFIER = "Braly.AI-reviewTests";
				PRODUCT_NAME = "$(TARGET_NAME)";
				SWIFT_EMIT_LOC_STRINGS = NO;
				SWIFT_VERSION = 5.0;
				TARGETED_DEVICE_FAMILY = "1,2";
				TEST_HOST = "$(BUILT_PRODUCTS_DIR)/AI_review.app/$(BUNDLE_EXECUTABLE_FOLDER_PATH)/AI_review";
			};
			name = Release;
		};
		FE389C342DF2CC5C00A376CD /* Debug */ = {
			isa = XCBuildConfiguration;
			buildSettings = {
				CODE_SIGN_STYLE = Automatic;
				CURRENT_PROJECT_VERSION = 1;
				GENERATE_INFOPLIST_FILE = YES;
				MARKETING_VERSION = 1.0;
				PRODUCT_BUNDLE_IDENTIFIER = "Braly.AI-reviewUITests";
				PRODUCT_NAME = "$(TARGET_NAME)";
				SWIFT_EMIT_LOC_STRINGS = NO;
				SWIFT_VERSION = 5.0;
				TARGETED_DEVICE_FAMILY = "1,2";
				TEST_TARGET_NAME = AI_review;
			};
			name = Debug;
		};
		FE389C352DF2CC5C00A376CD /* Release */ = {
			isa = XCBuildConfiguration;
			buildSettings = {
				CODE_SIGN_STYLE = Automatic;
				CURRENT_PROJECT_VERSION = 1;
				GENERATE_INFOPLIST_FILE = YES;
				MARKETING_VERSION = 1.0;
				PRODUCT_BUNDLE_IDENTIFIER = "Braly.AI-reviewUITests";
				PRODUCT_NAME = "$(TARGET_NAME)";
				SWIFT_EMIT_LOC_STRINGS = NO;
				SWIFT_VERSION = 5.0;
				TARGETED_DEVICE_FAMILY = "1,2";
				TEST_TARGET_NAME = AI_review;
			};
			name = Release;
		};
/* End XCBuildConfiguration section */

/* Begin XCConfigurationList section */
		FE389BFD2DF2CC5A00A376CD /* Build configuration list for PBXProject "AI_review" */ = {
			isa = XCConfigurationList;
			buildConfigurations = (
				FE389C2E2DF2CC5C00A376CD /* Debug */,
				FE389C2F2DF2CC5C00A376CD /* Release */,
			);
			defaultConfigurationIsVisible = 0;
			defaultConfigurationName = Release;
		};
		FE389C2B2DF2CC5C00A376CD /* Build configuration list for PBXNativeTarget "AI_review" */ = {
			isa = XCConfigurationList;
			buildConfigurations = (
				FE389C2C2DF2CC5C00A376CD /* Debug */,
				FE389C2D2DF2CC5C00A376CD /* Release */,
			);
			defaultConfigurationIsVisible = 0;
			defaultConfigurationName = Release;
		};
		FE389C302DF2CC5C00A376CD /* Build configuration list for PBXNativeTarget "AI_reviewTests" */ = {
			isa = XCConfigurationList;
			buildConfigurations = (
				FE389C312DF2CC5C00A376CD /* Debug */,
				FE389C322DF2CC5C00A376CD /* Release */,
			);
			defaultConfigurationIsVisible = 0;
			defaultConfigurationName = Release;
		};
		FE389C332DF2CC5C00A376CD /* Build configuration list for PBXNativeTarget "AI_reviewUITests" */ = {
			isa = XCConfigurationList;
			buildConfigurations = (
				FE389C342DF2CC5C00A376CD /* Debug */,
				FE389C352DF2CC5C00A376CD /* Release */,
			);
			defaultConfigurationIsVisible = 0;
			defaultConfigurationName = Release;
		};
/* End XCConfigurationList section */
	};
	rootObject = FE389BFA2DF2CC5A00A376CD /* Project object */;
}
